// !$*UTF8*$!
{
	archiveVersion = 1;
	classes = {
	};
	objectVersion = 50;
	objects = {

/* Begin PBXBuildFile section */
		27D61E9621C2B3880027EAD6 /* MatchViewController.swift in Sources */ = {isa = PBXBuildFile; fileRef = 27D61E9521C2B3880027EAD6 /* MatchViewController.swift */; };
		27D61E9821C2B3CC0027EAD6 /* Dog.swift in Sources */ = {isa = PBXBuildFile; fileRef = 27D61E9721C2B3CC0027EAD6 /* Dog.swift */; };
		27D61E9A21C2B5270027EAD6 /* AddDogViewController.swift in Sources */ = {isa = PBXBuildFile; fileRef = 27D61E9921C2B5270027EAD6 /* AddDogViewController.swift */; };
		59075A6321BFC0020022824A /* ConfirmMatchViewController.swift in Sources */ = {isa = PBXBuildFile; fileRef = 59075A6221BFC0020022824A /* ConfirmMatchViewController.swift */; };
		59075A6521BFD4700022824A /* ViewControllerSwipe.swift in Sources */ = {isa = PBXBuildFile; fileRef = 59075A6421BFD4700022824A /* ViewControllerSwipe.swift */; };
		59405F6B21E4B5660075C6AB /* AppManager.swift in Sources */ = {isa = PBXBuildFile; fileRef = 59405F6A21E4B5660075C6AB /* AppManager.swift */; };
		596A88D721EB94FB006605B1 /* swipeGesture.swift in Sources */ = {isa = PBXBuildFile; fileRef = 596A88D621EB94FB006605B1 /* swipeGesture.swift */; };
		59F04B0421B67FF000E0C5E4 /* AppDelegate.swift in Sources */ = {isa = PBXBuildFile; fileRef = 59F04B0321B67FF000E0C5E4 /* AppDelegate.swift */; };
		59F04B0621B67FF000E0C5E4 /* ViewController.swift in Sources */ = {isa = PBXBuildFile; fileRef = 59F04B0521B67FF000E0C5E4 /* ViewController.swift */; };
		59F04B0921B67FF000E0C5E4 /* Main.storyboard in Resources */ = {isa = PBXBuildFile; fileRef = 59F04B0721B67FF000E0C5E4 /* Main.storyboard */; };
		59F04B0B21B67FF100E0C5E4 /* Assets.xcassets in Resources */ = {isa = PBXBuildFile; fileRef = 59F04B0A21B67FF100E0C5E4 /* Assets.xcassets */; };
		59F04B0E21B67FF100E0C5E4 /* LaunchScreen.storyboard in Resources */ = {isa = PBXBuildFile; fileRef = 59F04B0C21B67FF100E0C5E4 /* LaunchScreen.storyboard */; };
		8A6A0DDB21E3969D0071AC71 /* AppContainerViewController.swift in Sources */ = {isa = PBXBuildFile; fileRef = 8A6A0DDA21E3969D0071AC71 /* AppContainerViewController.swift */; };
		8A6A0DDF21E39A220071AC71 /* SignUpViewController.swift in Sources */ = {isa = PBXBuildFile; fileRef = 8A6A0DDE21E39A220071AC71 /* SignUpViewController.swift */; };
		8AB20DF021BE9FB000F88D12 /* GoogleService-Info.plist in Resources */ = {isa = PBXBuildFile; fileRef = 8AB20DEF21BE9FB000F88D12 /* GoogleService-Info.plist */; };
		8D674F49DFA5C12EBDED8FA3 /* Pods_Dog_Tinder_2.framework in Frameworks */ = {isa = PBXBuildFile; fileRef = 779933BE5C7BB0EB73817634 /* Pods_Dog_Tinder_2.framework */; };
/* End PBXBuildFile section */

/* Begin PBXFileReference section */
		27D61E9521C2B3880027EAD6 /* MatchViewController.swift */ = {isa = PBXFileReference; lastKnownFileType = sourcecode.swift; path = MatchViewController.swift; sourceTree = "<group>"; };
		27D61E9721C2B3CC0027EAD6 /* Dog.swift */ = {isa = PBXFileReference; lastKnownFileType = sourcecode.swift; path = Dog.swift; sourceTree = "<group>"; };
		27D61E9921C2B5270027EAD6 /* AddDogViewController.swift */ = {isa = PBXFileReference; lastKnownFileType = sourcecode.swift; path = AddDogViewController.swift; sourceTree = "<group>"; };
		53BA8D036D6FD9698BB43604 /* Pods-Dog Tinder 2.release.xcconfig */ = {isa = PBXFileReference; includeInIndex = 1; lastKnownFileType = text.xcconfig; name = "Pods-Dog Tinder 2.release.xcconfig"; path = "Pods/Target Support Files/Pods-Dog Tinder 2/Pods-Dog Tinder 2.release.xcconfig"; sourceTree = "<group>"; };
		59075A6221BFC0020022824A /* ConfirmMatchViewController.swift */ = {isa = PBXFileReference; lastKnownFileType = sourcecode.swift; path = ConfirmMatchViewController.swift; sourceTree = "<group>"; };
		59075A6421BFD4700022824A /* ViewControllerSwipe.swift */ = {isa = PBXFileReference; lastKnownFileType = sourcecode.swift; path = ViewControllerSwipe.swift; sourceTree = "<group>"; };
		59405F6A21E4B5660075C6AB /* AppManager.swift */ = {isa = PBXFileReference; lastKnownFileType = sourcecode.swift; path = AppManager.swift; sourceTree = "<group>"; };
		596A88D621EB94FB006605B1 /* swipeGesture.swift */ = {isa = PBXFileReference; lastKnownFileType = sourcecode.swift; path = swipeGesture.swift; sourceTree = "<group>"; };
		59F04B0021B67FF000E0C5E4 /* Dog Tinder 2.app */ = {isa = PBXFileReference; explicitFileType = wrapper.application; includeInIndex = 0; path = "Dog Tinder 2.app"; sourceTree = BUILT_PRODUCTS_DIR; };
		59F04B0321B67FF000E0C5E4 /* AppDelegate.swift */ = {isa = PBXFileReference; lastKnownFileType = sourcecode.swift; path = AppDelegate.swift; sourceTree = "<group>"; };
		59F04B0521B67FF000E0C5E4 /* ViewController.swift */ = {isa = PBXFileReference; lastKnownFileType = sourcecode.swift; path = ViewController.swift; sourceTree = "<group>"; };
		59F04B0821B67FF000E0C5E4 /* Base */ = {isa = PBXFileReference; lastKnownFileType = file.storyboard; name = Base; path = Base.lproj/Main.storyboard; sourceTree = "<group>"; };
		59F04B0A21B67FF100E0C5E4 /* Assets.xcassets */ = {isa = PBXFileReference; lastKnownFileType = folder.assetcatalog; path = Assets.xcassets; sourceTree = "<group>"; };
		59F04B0D21B67FF100E0C5E4 /* Base */ = {isa = PBXFileReference; lastKnownFileType = file.storyboard; name = Base; path = Base.lproj/LaunchScreen.storyboard; sourceTree = "<group>"; };
		59F04B0F21B67FF100E0C5E4 /* Info.plist */ = {isa = PBXFileReference; lastKnownFileType = text.plist.xml; path = Info.plist; sourceTree = "<group>"; };
		70C210DCB264DA25321E7870 /* Pods-Dog Tinder 2.debug.xcconfig */ = {isa = PBXFileReference; includeInIndex = 1; lastKnownFileType = text.xcconfig; name = "Pods-Dog Tinder 2.debug.xcconfig"; path = "Pods/Target Support Files/Pods-Dog Tinder 2/Pods-Dog Tinder 2.debug.xcconfig"; sourceTree = "<group>"; };
		779933BE5C7BB0EB73817634 /* Pods_Dog_Tinder_2.framework */ = {isa = PBXFileReference; explicitFileType = wrapper.framework; includeInIndex = 0; path = Pods_Dog_Tinder_2.framework; sourceTree = BUILT_PRODUCTS_DIR; };
		8A6A0DDA21E3969D0071AC71 /* AppContainerViewController.swift */ = {isa = PBXFileReference; lastKnownFileType = sourcecode.swift; path = AppContainerViewController.swift; sourceTree = "<group>"; };
		8A6A0DDE21E39A220071AC71 /* SignUpViewController.swift */ = {isa = PBXFileReference; lastKnownFileType = sourcecode.swift; path = SignUpViewController.swift; sourceTree = "<group>"; };
		8AB20DEF21BE9FB000F88D12 /* GoogleService-Info.plist */ = {isa = PBXFileReference; fileEncoding = 4; lastKnownFileType = text.plist.xml; path = "GoogleService-Info.plist"; sourceTree = "<group>"; };
/* End PBXFileReference section */

/* Begin PBXFrameworksBuildPhase section */
		59F04AFD21B67FF000E0C5E4 /* Frameworks */ = {
			isa = PBXFrameworksBuildPhase;
			buildActionMask = 2147483647;
			files = (
				8D674F49DFA5C12EBDED8FA3 /* Pods_Dog_Tinder_2.framework in Frameworks */,
			);
			runOnlyForDeploymentPostprocessing = 0;
		};
/* End PBXFrameworksBuildPhase section */

/* Begin PBXGroup section */
		477A5C8AFB3F502DA054F033 /* Frameworks */ = {
			isa = PBXGroup;
			children = (
				779933BE5C7BB0EB73817634 /* Pods_Dog_Tinder_2.framework */,
			);
			name = Frameworks;
			sourceTree = "<group>";
		};
		59F04AF721B67FF000E0C5E4 = {
			isa = PBXGroup;
			children = (
				59F04B0221B67FF000E0C5E4 /* Dog Tinder 2 */,
				59F04B0121B67FF000E0C5E4 /* Products */,
				812344932542162BFB95A57F /* Pods */,
				477A5C8AFB3F502DA054F033 /* Frameworks */,
			);
			sourceTree = "<group>";
		};
		59F04B0121B67FF000E0C5E4 /* Products */ = {
			isa = PBXGroup;
			children = (
				59F04B0021B67FF000E0C5E4 /* Dog Tinder 2.app */,
			);
			name = Products;
			sourceTree = "<group>";
		};
		59F04B0221B67FF000E0C5E4 /* Dog Tinder 2 */ = {
			isa = PBXGroup;
			children = (
				59F04B0321B67FF000E0C5E4 /* AppDelegate.swift */,
				59F04B0521B67FF000E0C5E4 /* ViewController.swift */,
				27D61E9521C2B3880027EAD6 /* MatchViewController.swift */,
				27D61E9721C2B3CC0027EAD6 /* Dog.swift */,
				59F04B0721B67FF000E0C5E4 /* Main.storyboard */,
				8A6A0DDA21E3969D0071AC71 /* AppContainerViewController.swift */,
				59405F6A21E4B5660075C6AB /* AppManager.swift */,
				8A6A0DDE21E39A220071AC71 /* SignUpViewController.swift */,
				596A88D621EB94FB006605B1 /* swipeGesture.swift */,
				27D61E9921C2B5270027EAD6 /* AddDogViewController.swift */,
				59075A6421BFD4700022824A /* ViewControllerSwipe.swift */,
				59075A6221BFC0020022824A /* ConfirmMatchViewController.swift */,
				59F04B0A21B67FF100E0C5E4 /* Assets.xcassets */,
				59F04B0C21B67FF100E0C5E4 /* LaunchScreen.storyboard */,
				59F04B0F21B67FF100E0C5E4 /* Info.plist */,
				8AB20DEF21BE9FB000F88D12 /* GoogleService-Info.plist */,
			);
			path = "Dog Tinder 2";
			sourceTree = "<group>";
		};
		812344932542162BFB95A57F /* Pods */ = {
			isa = PBXGroup;
			children = (
				70C210DCB264DA25321E7870 /* Pods-Dog Tinder 2.debug.xcconfig */,
				53BA8D036D6FD9698BB43604 /* Pods-Dog Tinder 2.release.xcconfig */,
			);
			name = Pods;
			sourceTree = "<group>";
		};
/* End PBXGroup section */

/* Begin PBXNativeTarget section */
		59F04AFF21B67FF000E0C5E4 /* Dog Tinder 2 */ = {
			isa = PBXNativeTarget;
			buildConfigurationList = 59F04B1221B67FF100E0C5E4 /* Build configuration list for PBXNativeTarget "Dog Tinder 2" */;
			buildPhases = (
				6200B0E57AFC4985AAF729C8 /* [CP] Check Pods Manifest.lock */,
				59F04AFC21B67FF000E0C5E4 /* Sources */,
				59F04AFD21B67FF000E0C5E4 /* Frameworks */,
				59F04AFE21B67FF000E0C5E4 /* Resources */,
				87FBB7CD6D52042CD47FAADA /* [CP] Embed Pods Frameworks */,
			);
			buildRules = (
			);
			dependencies = (
			);
			name = "Dog Tinder 2";
			productName = "Dog Tinder 2";
			productReference = 59F04B0021B67FF000E0C5E4 /* Dog Tinder 2.app */;
			productType = "com.apple.product-type.application";
		};
/* End PBXNativeTarget section */

/* Begin PBXProject section */
		59F04AF821B67FF000E0C5E4 /* Project object */ = {
			isa = PBXProject;
			attributes = {
				LastSwiftUpdateCheck = 1000;
				LastUpgradeCheck = 1000;
				ORGANIZATIONNAME = "Yasmin Mohajeri (s5129439)";
				TargetAttributes = {
					59F04AFF21B67FF000E0C5E4 = {
						CreatedOnToolsVersion = 10.0;
					};
				};
			};
			buildConfigurationList = 59F04AFB21B67FF000E0C5E4 /* Build configuration list for PBXProject "Dog Tinder 2" */;
			compatibilityVersion = "Xcode 9.3";
			developmentRegion = en;
			hasScannedForEncodings = 0;
			knownRegions = (
				en,
				Base,
			);
			mainGroup = 59F04AF721B67FF000E0C5E4;
			productRefGroup = 59F04B0121B67FF000E0C5E4 /* Products */;
			projectDirPath = "";
			projectRoot = "";
			targets = (
				59F04AFF21B67FF000E0C5E4 /* Dog Tinder 2 */,
			);
		};
/* End PBXProject section */

/* Begin PBXResourcesBuildPhase section */
		59F04AFE21B67FF000E0C5E4 /* Resources */ = {
			isa = PBXResourcesBuildPhase;
			buildActionMask = 2147483647;
			files = (
				59F04B0E21B67FF100E0C5E4 /* LaunchScreen.storyboard in Resources */,
				8AB20DF021BE9FB000F88D12 /* GoogleService-Info.plist in Resources */,
				59F04B0B21B67FF100E0C5E4 /* Assets.xcassets in Resources */,
				59F04B0921B67FF000E0C5E4 /* Main.storyboard in Resources */,
			);
			runOnlyForDeploymentPostprocessing = 0;
		};
/* End PBXResourcesBuildPhase section */

/* Begin PBXShellScriptBuildPhase section */
		6200B0E57AFC4985AAF729C8 /* [CP] Check Pods Manifest.lock */ = {
			isa = PBXShellScriptBuildPhase;
			buildActionMask = 2147483647;
			files = (
			);
			inputFileListPaths = (
			);
			inputPaths = (
				"${PODS_PODFILE_DIR_PATH}/Podfile.lock",
				"${PODS_ROOT}/Manifest.lock",
			);
			name = "[CP] Check Pods Manifest.lock";
			outputFileListPaths = (
			);
			outputPaths = (
				"$(DERIVED_FILE_DIR)/Pods-Dog Tinder 2-checkManifestLockResult.txt",
			);
			runOnlyForDeploymentPostprocessing = 0;
			shellPath = /bin/sh;
			shellScript = "diff \"${PODS_PODFILE_DIR_PATH}/Podfile.lock\" \"${PODS_ROOT}/Manifest.lock\" > /dev/null\nif [ $? != 0 ] ; then\n    # print error to STDERR\n    echo \"error: The sandbox is not in sync with the Podfile.lock. Run 'pod install' or update your CocoaPods installation.\" >&2\n    exit 1\nfi\n# This output is used by Xcode 'outputs' to avoid re-running this script phase.\necho \"SUCCESS\" > \"${SCRIPT_OUTPUT_FILE_0}\"\n";
			showEnvVarsInLog = 0;
		};
		87FBB7CD6D52042CD47FAADA /* [CP] Embed Pods Frameworks */ = {
			isa = PBXShellScriptBuildPhase;
			buildActionMask = 2147483647;
			files = (
			);
			inputFileListPaths = (
			);
			inputPaths = (
				"${PODS_ROOT}/Target Support Files/Pods-Dog Tinder 2/Pods-Dog Tinder 2-frameworks.sh",
				"${BUILT_PRODUCTS_DIR}/BoringSSL/openssl.framework",
				"${BUILT_PRODUCTS_DIR}/GTMSessionFetcher/GTMSessionFetcher.framework",
				"${BUILT_PRODUCTS_DIR}/GoogleUtilities/GoogleUtilities.framework",
				"${BUILT_PRODUCTS_DIR}/Protobuf/Protobuf.framework",
				"${BUILT_PRODUCTS_DIR}/gRPC/GRPCClient.framework",
				"${BUILT_PRODUCTS_DIR}/gRPC-C++/grpcpp.framework",
				"${BUILT_PRODUCTS_DIR}/gRPC-Core/grpc.framework",
				"${BUILT_PRODUCTS_DIR}/gRPC-ProtoRPC/ProtoRPC.framework",
				"${BUILT_PRODUCTS_DIR}/gRPC-RxLibrary/RxLibrary.framework",
				"${BUILT_PRODUCTS_DIR}/leveldb-library/leveldb.framework",
				"${BUILT_PRODUCTS_DIR}/nanopb/nanopb.framework",
			);
			name = "[CP] Embed Pods Frameworks";
			outputFileListPaths = (
			);
			outputPaths = (
				"${TARGET_BUILD_DIR}/${FRAMEWORKS_FOLDER_PATH}/openssl.framework",
				"${TARGET_BUILD_DIR}/${FRAMEWORKS_FOLDER_PATH}/GTMSessionFetcher.framework",
				"${TARGET_BUILD_DIR}/${FRAMEWORKS_FOLDER_PATH}/GoogleUtilities.framework",
				"${TARGET_BUILD_DIR}/${FRAMEWORKS_FOLDER_PATH}/Protobuf.framework",
				"${TARGET_BUILD_DIR}/${FRAMEWORKS_FOLDER_PATH}/GRPCClient.framework",
				"${TARGET_BUILD_DIR}/${FRAMEWORKS_FOLDER_PATH}/grpcpp.framework",
				"${TARGET_BUILD_DIR}/${FRAMEWORKS_FOLDER_PATH}/grpc.framework",
				"${TARGET_BUILD_DIR}/${FRAMEWORKS_FOLDER_PATH}/ProtoRPC.framework",
				"${TARGET_BUILD_DIR}/${FRAMEWORKS_FOLDER_PATH}/RxLibrary.framework",
				"${TARGET_BUILD_DIR}/${FRAMEWORKS_FOLDER_PATH}/leveldb.framework",
				"${TARGET_BUILD_DIR}/${FRAMEWORKS_FOLDER_PATH}/nanopb.framework",
			);
			runOnlyForDeploymentPostprocessing = 0;
			shellPath = /bin/sh;
			shellScript = "\"${PODS_ROOT}/Target Support Files/Pods-Dog Tinder 2/Pods-Dog Tinder 2-frameworks.sh\"\n";
			showEnvVarsInLog = 0;
		};
/* End PBXShellScriptBuildPhase section */

/* Begin PBXSourcesBuildPhase section */
		59F04AFC21B67FF000E0C5E4 /* Sources */ = {
			isa = PBXSourcesBuildPhase;
			buildActionMask = 2147483647;
			files = (
				59F04B0621B67FF000E0C5E4 /* ViewController.swift in Sources */,
				59405F6B21E4B5660075C6AB /* AppManager.swift in Sources */,
				596A88D721EB94FB006605B1 /* swipeGesture.swift in Sources */,
				27D61E9A21C2B5270027EAD6 /* AddDogViewController.swift in Sources */,
				59F04B0421B67FF000E0C5E4 /* AppDelegate.swift in Sources */,
				27D61E9821C2B3CC0027EAD6 /* Dog.swift in Sources */,
				8A6A0DDF21E39A220071AC71 /* SignUpViewController.swift in Sources */,
				8A6A0DDB21E3969D0071AC71 /* AppContainerViewController.swift in Sources */,
				59075A6321BFC0020022824A /* ConfirmMatchViewController.swift in Sources */,
				59075A6521BFD4700022824A /* ViewControllerSwipe.swift in Sources */,
				27D61E9621C2B3880027EAD6 /* MatchViewController.swift in Sources */,
			);
			runOnlyForDeploymentPostprocessing = 0;
		};
/* End PBXSourcesBuildPhase section */

/* Begin PBXVariantGroup section */
		59F04B0721B67FF000E0C5E4 /* Main.storyboard */ = {
			isa = PBXVariantGroup;
			children = (
				59F04B0821B67FF000E0C5E4 /* Base */,
			);
			name = Main.storyboard;
			sourceTree = "<group>";
		};
		59F04B0C21B67FF100E0C5E4 /* LaunchScreen.storyboard */ = {
			isa = PBXVariantGroup;
			children = (
				59F04B0D21B67FF100E0C5E4 /* Base */,
			);
			name = LaunchScreen.storyboard;
			sourceTree = "<group>";
		};
/* End PBXVariantGroup section */

/* Begin XCBuildConfiguration section */
		59F04B1021B67FF100E0C5E4 /* Debug */ = {
			isa = XCBuildConfiguration;
			buildSettings = {
				ALWAYS_SEARCH_USER_PATHS = NO;
				CLANG_ANALYZER_NONNULL = YES;
				CLANG_ANALYZER_NUMBER_OBJECT_CONVERSION = YES_AGGRESSIVE;
				CLANG_CXX_LANGUAGE_STANDARD = "gnu++14";
				CLANG_CXX_LIBRARY = "libc++";
				CLANG_ENABLE_MODULES = YES;
				CLANG_ENABLE_OBJC_ARC = YES;
				CLANG_ENABLE_OBJC_WEAK = YES;
				CLANG_WARN_BLOCK_CAPTURE_AUTORELEASING = YES;
				CLANG_WARN_BOOL_CONVERSION = YES;
				CLANG_WARN_COMMA = YES;
				CLANG_WARN_CONSTANT_CONVERSION = YES;
				CLANG_WARN_DEPRECATED_OBJC_IMPLEMENTATIONS = YES;
				CLANG_WARN_DIRECT_OBJC_ISA_USAGE = YES_ERROR;
				CLANG_WARN_DOCUMENTATION_COMMENTS = YES;
				CLANG_WARN_EMPTY_BODY = YES;
				CLANG_WARN_ENUM_CONVERSION = YES;
				CLANG_WARN_INFINITE_RECURSION = YES;
				CLANG_WARN_INT_CONVERSION = YES;
				CLANG_WARN_NON_LITERAL_NULL_CONVERSION = YES;
				CLANG_WARN_OBJC_IMPLICIT_RETAIN_SELF = YES;
				CLANG_WARN_OBJC_LITERAL_CONVERSION = YES;
				CLANG_WARN_OBJC_ROOT_CLASS = YES_ERROR;
				CLANG_WARN_RANGE_LOOP_ANALYSIS = YES;
				CLANG_WARN_STRICT_PROTOTYPES = YES;
				CLANG_WARN_SUSPICIOUS_MOVE = YES;
				CLANG_WARN_UNGUARDED_AVAILABILITY = YES_AGGRESSIVE;
				CLANG_WARN_UNREACHABLE_CODE = YES;
				CLANG_WARN__DUPLICATE_METHOD_MATCH = YES;
				CODE_SIGN_IDENTITY = "iPhone Developer";
				COPY_PHASE_STRIP = NO;
				DEBUG_INFORMATION_FORMAT = dwarf;
				ENABLE_STRICT_OBJC_MSGSEND = YES;
				ENABLE_TESTABILITY = YES;
				GCC_C_LANGUAGE_STANDARD = gnu11;
				GCC_DYNAMIC_NO_PIC = NO;
				GCC_NO_COMMON_BLOCKS = YES;
				GCC_OPTIMIZATION_LEVEL = 0;
				GCC_PREPROCESSOR_DEFINITIONS = (
					"DEBUG=1",
					"$(inherited)",
				);
				GCC_WARN_64_TO_32_BIT_CONVERSION = YES;
				GCC_WARN_ABOUT_RETURN_TYPE = YES_ERROR;
				GCC_WARN_UNDECLARED_SELECTOR = YES;
				GCC_WARN_UNINITIALIZED_AUTOS = YES_AGGRESSIVE;
				GCC_WARN_UNUSED_FUNCTION = YES;
				GCC_WARN_UNUSED_VARIABLE = YES;
				IPHONEOS_DEPLOYMENT_TARGET = 12.0;
				MTL_ENABLE_DEBUG_INFO = INCLUDE_SOURCE;
				MTL_FAST_MATH = YES;
				ONLY_ACTIVE_ARCH = YES;
				SDKROOT = iphoneos;
				SWIFT_ACTIVE_COMPILATION_CONDITIONS = DEBUG;
				SWIFT_OPTIMIZATION_LEVEL = "-Onone";
			};
			name = Debug;
		};
		59F04B1121B67FF100E0C5E4 /* Release */ = {
			isa = XCBuildConfiguration;
			buildSettings = {
				ALWAYS_SEARCH_USER_PATHS = NO;
				CLANG_ANALYZER_NONNULL = YES;
				CLANG_ANALYZER_NUMBER_OBJECT_CONVERSION = YES_AGGRESSIVE;
				CLANG_CXX_LANGUAGE_STANDARD = "gnu++14";
				CLANG_CXX_LIBRARY = "libc++";
				CLANG_ENABLE_MODULES = YES;
				CLANG_ENABLE_OBJC_ARC = YES;
				CLANG_ENABLE_OBJC_WEAK = YES;
				CLANG_WARN_BLOCK_CAPTURE_AUTORELEASING = YES;
				CLANG_WARN_BOOL_CONVERSION = YES;
				CLANG_WARN_COMMA = YES;
				CLANG_WARN_CONSTANT_CONVERSION = YES;
				CLANG_WARN_DEPRECATED_OBJC_IMPLEMENTATIONS = YES;
				CLANG_WARN_DIRECT_OBJC_ISA_USAGE = YES_ERROR;
				CLANG_WARN_DOCUMENTATION_COMMENTS = YES;
				CLANG_WARN_EMPTY_BODY = YES;
				CLANG_WARN_ENUM_CONVERSION = YES;
				CLANG_WARN_INFINITE_RECURSION = YES;
				CLANG_WARN_INT_CONVERSION = YES;
				CLANG_WARN_NON_LITERAL_NULL_CONVERSION = YES;
				CLANG_WARN_OBJC_IMPLICIT_RETAIN_SELF = YES;
				CLANG_WARN_OBJC_LITERAL_CONVERSION = YES;
				CLANG_WARN_OBJC_ROOT_CLASS = YES_ERROR;
				CLANG_WARN_RANGE_LOOP_ANALYSIS = YES;
				CLANG_WARN_STRICT_PROTOTYPES = YES;
				CLANG_WARN_SUSPICIOUS_MOVE = YES;
				CLANG_WARN_UNGUARDED_AVAILABILITY = YES_AGGRESSIVE;
				CLANG_WARN_UNREACHABLE_CODE = YES;
				CLANG_WARN__DUPLICATE_METHOD_MATCH = YES;
				CODE_SIGN_IDENTITY = "iPhone Developer";
				COPY_PHASE_STRIP = NO;
				DEBUG_INFORMATION_FORMAT = "dwarf-with-dsym";
				ENABLE_NS_ASSERTIONS = NO;
				ENABLE_STRICT_OBJC_MSGSEND = YES;
				GCC_C_LANGUAGE_STANDARD = gnu11;
				GCC_NO_COMMON_BLOCKS = YES;
				GCC_WARN_64_TO_32_BIT_CONVERSION = YES;
				GCC_WARN_ABOUT_RETURN_TYPE = YES_ERROR;
				GCC_WARN_UNDECLARED_SELECTOR = YES;
				GCC_WARN_UNINITIALIZED_AUTOS = YES_AGGRESSIVE;
				GCC_WARN_UNUSED_FUNCTION = YES;
				GCC_WARN_UNUSED_VARIABLE = YES;
				IPHONEOS_DEPLOYMENT_TARGET = 12.0;
				MTL_ENABLE_DEBUG_INFO = NO;
				MTL_FAST_MATH = YES;
				SDKROOT = iphoneos;
				SWIFT_COMPILATION_MODE = wholemodule;
				SWIFT_OPTIMIZATION_LEVEL = "-O";
				VALIDATE_PRODUCT = YES;
			};
			name = Release;
		};
		59F04B1321B67FF100E0C5E4 /* Debug */ = {
			isa = XCBuildConfiguration;
			baseConfigurationReference = 70C210DCB264DA25321E7870 /* Pods-Dog Tinder 2.debug.xcconfig */;
			buildSettings = {
				ASSETCATALOG_COMPILER_APPICON_NAME = AppIcon;
				CODE_SIGN_STYLE = Automatic;
				INFOPLIST_FILE = "Dog Tinder 2/Info.plist";
				LD_RUNPATH_SEARCH_PATHS = (
					"$(inherited)",
					"@executable_path/Frameworks",
				);
				PRODUCT_BUNDLE_IDENTIFIER = "take2.Dog-Tinder-2";
				PRODUCT_NAME = "$(TARGET_NAME)";
				SWIFT_VERSION = 4.2;
				TARGETED_DEVICE_FAMILY = "1,2";
			};
			name = Debug;
		};
		59F04B1421B67FF100E0C5E4 /* Release */ = {
			isa = XCBuildConfiguration;
			baseConfigurationReference = 53BA8D036D6FD9698BB43604 /* Pods-Dog Tinder 2.release.xcconfig */;
			buildSettings = {
				ASSETCATALOG_COMPILER_APPICON_NAME = AppIcon;
				CODE_SIGN_STYLE = Automatic;
				INFOPLIST_FILE = "Dog Tinder 2/Info.plist";
				LD_RUNPATH_SEARCH_PATHS = (
					"$(inherited)",
					"@executable_path/Frameworks",
				);
				PRODUCT_BUNDLE_IDENTIFIER = "take2.Dog-Tinder-2";
				PRODUCT_NAME = "$(TARGET_NAME)";
				SWIFT_VERSION = 4.2;
				TARGETED_DEVICE_FAMILY = "1,2";
			};
			name = Release;
		};
/* End XCBuildConfiguration section */

/* Begin XCConfigurationList section */
		59F04AFB21B67FF000E0C5E4 /* Build configuration list for PBXProject "Dog Tinder 2" */ = {
			isa = XCConfigurationList;
			buildConfigurations = (
				59F04B1021B67FF100E0C5E4 /* Debug */,
				59F04B1121B67FF100E0C5E4 /* Release */,
			);
			defaultConfigurationIsVisible = 0;
			defaultConfigurationName = Release;
		};
		59F04B1221B67FF100E0C5E4 /* Build configuration list for PBXNativeTarget "Dog Tinder 2" */ = {
			isa = XCConfigurationList;
			buildConfigurations = (
				59F04B1321B67FF100E0C5E4 /* Debug */,
				59F04B1421B67FF100E0C5E4 /* Release */,
			);
			defaultConfigurationIsVisible = 0;
			defaultConfigurationName = Release;
		};
/* End XCConfigurationList section */
	};
	rootObject = 59F04AF821B67FF000E0C5E4 /* Project object */;
}
